
Microsoft Visual Studio Solution File, Format Version 12.00
# Visual Studio Version 16
VisualStudioVersion = 16.0.30517.126
MinimumVisualStudioVersion = 10.0.40219.1
Project("{FAE04EC0-301F-11D3-BF4B-00C04F79EFBC}") = "EGOFormsApp", "EGOFormsApp\EGOFormsApp.csproj", "{02536405-F052-4E78-9B67-584746C2C82F}"
EndProject
Project("{FAE04EC0-301F-11D3-BF4B-00C04F79EFBC}") = "DAL", "DAL\DAL.csproj", "{BD8E94EA-6E8F-4350-B8B7-352E8E42DAD1}"
EndProject
Project("{FAE04EC0-301F-11D3-BF4B-00C04F79EFBC}") = "EGO", "EGO\EGO.csproj", "{8F025B92-4CAE-4B65-A53A-9C1C2DDCF833}"
EndProject
Project("{FAE04EC0-301F-11D3-BF4B-00C04F79EFBC}") = "GymApp", "GymApp\GymApp.csproj", "{79E794EA-D70E-47B8-A2B0-AE41C7A7E6E4}"
EndProject
Project("{FAE04EC0-301F-11D3-BF4B-00C04F79EFBC}") = "test", "test\test.csproj", "{920514CE-4D58-4FD2-AE4A-3A1DFEE1C193}"
EndProject
Project("{FAE04EC0-301F-11D3-BF4B-00C04F79EFBC}") = "GymApp1", "GymApp1\GymApp1.csproj", "{07A481E8-F91D-4F77-AA74-81E830508550}"
EndProject
Global
	GlobalSection(SolutionConfigurationPlatforms) = preSolution
		Debug|Any CPU = Debug|Any CPU
		Release|Any CPU = Release|Any CPU
	EndGlobalSection
	GlobalSection(ProjectConfigurationPlatforms) = postSolution
		{02536405-F052-4E78-9B67-584746C2C82F}.Debug|Any CPU.ActiveCfg = Debug|Any CPU
		{02536405-F052-4E78-9B67-584746C2C82F}.Debug|Any CPU.Build.0 = Debug|Any CPU
		{02536405-F052-4E78-9B67-584746C2C82F}.Release|Any CPU.ActiveCfg = Release|Any CPU
		{02536405-F052-4E78-9B67-584746C2C82F}.Release|Any CPU.Build.0 = Release|Any CPU
		{BD8E94EA-6E8F-4350-B8B7-352E8E42DAD1}.Debug|Any CPU.ActiveCfg = Debug|Any CPU
		{BD8E94EA-6E8F-4350-B8B7-352E8E42DAD1}.Debug|Any CPU.Build.0 = Debug|Any CPU
		{BD8E94EA-6E8F-4350-B8B7-352E8E42DAD1}.Release|Any CPU.ActiveCfg = Release|Any CPU
		{BD8E94EA-6E8F-4350-B8B7-352E8E42DAD1}.Release|Any CPU.Build.0 = Release|Any CPU
		{8F025B92-4CAE-4B65-A53A-9C1C2DDCF833}.Debug|Any CPU.ActiveCfg = Debug|Any CPU
		{8F025B92-4CAE-4B65-A53A-9C1C2DDCF833}.Debug|Any CPU.Build.0 = Debug|Any CPU
		{8F025B92-4CAE-4B65-A53A-9C1C2DDCF833}.Release|Any CPU.ActiveCfg = Release|Any CPU
		{8F025B92-4CAE-4B65-A53A-9C1C2DDCF833}.Release|Any CPU.Build.0 = Release|Any CPU
		{79E794EA-D70E-47B8-A2B0-AE41C7A7E6E4}.Debug|Any CPU.ActiveCfg = Debug|Any CPU
		{79E794EA-D70E-47B8-A2B0-AE41C7A7E6E4}.Debug|Any CPU.Build.0 = Debug|Any CPU
		{79E794EA-D70E-47B8-A2B0-AE41C7A7E6E4}.Release|Any CPU.ActiveCfg = Release|Any CPU
		{79E794EA-D70E-47B8-A2B0-AE41C7A7E6E4}.Release|Any CPU.Build.0 = Release|Any CPU
		{920514CE-4D58-4FD2-AE4A-3A1DFEE1C193}.Debug|Any CPU.ActiveCfg = Debug|Any CPU
		{920514CE-4D58-4FD2-AE4A-3A1DFEE1C193}.Debug|Any CPU.Build.0 = Debug|Any CPU
		{920514CE-4D58-4FD2-AE4A-3A1DFEE1C193}.Release|Any CPU.ActiveCfg = Release|Any CPU
		{920514CE-4D58-4FD2-AE4A-3A1DFEE1C193}.Release|Any CPU.Build.0 = Release|Any CPU
		{07A481E8-F91D-4F77-AA74-81E830508550}.Debug|Any CPU.ActiveCfg = Debug|Any CPU
		{07A481E8-F91D-4F77-AA74-81E830508550}.Debug|Any CPU.Build.0 = Debug|Any CPU
		{07A481E8-F91D-4F77-AA74-81E830508550}.Release|Any CPU.ActiveCfg = Release|Any CPU
		{07A481E8-F91D-4F77-AA74-81E830508550}.Release|Any CPU.Build.0 = Release|Any CPU
	EndGlobalSection
	GlobalSection(SolutionProperties) = preSolution
		HideSolutionNode = FALSE
	EndGlobalSection
	GlobalSection(ExtensibilityGlobals) = postSolution
		SolutionGuid = {9A48BF13-AAF6-4B73-83EF-FC61CABD87F4}
	EndGlobalSection
EndGlobal
